{
  "name": "plexica",
  "version": "0.1.0",
  "lockfileVersion": 3,
  "requires": true,
  "packages": {
    "": {
      "name": "plexica",
      "version": "0.1.0",
      "dependencies": {
        "jwt-decode": "^4.0.0",
        "kafkajs": "^2.2.4",
        "lru-cache": "^11.2.6",
        "zod": "^4.3.6"
      },
      "devDependencies": {
        "@types/node": "^25.2.3",
        "prettier": "^3.8.1",
        "turbo": "^2.8.9",
        "typescript": "^5.9.3"
      },
      "engines": {
        "node": ">=20.0.0",
        "pnpm": ">=8.0.0"
      }
    },
    "node_modules/@types/node": {
      "version": "25.2.3",
      "resolved": "https://registry.npmjs.org/@types/node/-/node-25.2.3.tgz",
      "integrity": "sha512-m0jEgYlYz+mDJZ2+F4v8D1AyQb+QzsNqRuI7xg1VQX/KlKS0qT9r1Mo16yo5F/MtifXFgaofIFsdFMox2SxIbQ==",
      "dev": true,
      "license": "MIT",
      "dependencies": {
        "undici-types": "~7.16.0"
      }
    },
    "node_modules/jwt-decode": {
      "version": "4.0.0",
      "resolved": "https://registry.npmjs.org/jwt-decode/-/jwt-decode-4.0.0.tgz",
      "integrity": "sha512-+KJGIyHgkGuIq3IEBNftfhW/LfWhXUIY6OmyVWjliu5KH1y0fw7VQ8YndE2O4qZdMSd9SqbnC8GOcZEy0Om7sA==",
      "license": "MIT",
      "engines": {
        "node": ">=18"
      }
    },
    "node_modules/kafkajs": {
      "version": "2.2.4",
      "license": "MIT",
      "engines": {
        "node": ">=14.0.0"
      }
    },
    "node_modules/lru-cache": {
      "version": "11.2.6",
      "resolved": "https://registry.npmjs.org/lru-cache/-/lru-cache-11.2.6.tgz",
      "integrity": "sha512-ESL2CrkS/2wTPfuend7Zhkzo2u0daGJ/A2VucJOgQ/C48S/zB8MMeMHSGKYpXhIjbPxfuezITkaBH1wqv00DDQ==",
      "license": "BlueOak-1.0.0",
      "engines": {
        "node": "20 || >=22"
      }
    },
    "node_modules/prettier": {
      "version": "3.8.1",
      "resolved": "https://registry.npmjs.org/prettier/-/prettier-3.8.1.tgz",
      "integrity": "sha512-UOnG6LftzbdaHZcKoPFtOcCKztrQ57WkHDeRD9t/PTQtmT0NHSeWWepj6pS0z/N7+08BHFDQVUrfmfMRcZwbMg==",
      "dev": true,
      "license": "MIT",
      "bin": {
        "prettier": "bin/prettier.cjs"
      },
      "engines": {
        "node": ">=14"
      },
      "funding": {
        "url": "https://github.com/prettier/prettier?sponsor=1"
      }
    },
    "node_modules/turbo": {
      "version": "2.8.9",
      "resolved": "https://registry.npmjs.org/turbo/-/turbo-2.8.9.tgz",
      "integrity": "sha512-G+Mq8VVQAlpz/0HTsxiNNk/xywaHGl+dk1oiBREgOEVCCDjXInDlONWUn5srRnC9s5tdHTFD1bx1N19eR4hI+g==",
      "dev": true,
      "license": "MIT",
      "bin": {
        "turbo": "bin/turbo"
      },
      "optionalDependencies": {
        "turbo-darwin-64": "2.8.9",
        "turbo-darwin-arm64": "2.8.9",
        "turbo-linux-64": "2.8.9",
        "turbo-linux-arm64": "2.8.9",
        "turbo-windows-64": "2.8.9",
        "turbo-windows-arm64": "2.8.9"
      }
    },
    "node_modules/turbo-darwin-64": {
      "version": "2.8.9",
      "resolved": "https://registry.npmjs.org/turbo-darwin-64/-/turbo-darwin-64-2.8.9.tgz",
      "integrity": "sha512-KnCw1ZI9KTnEAhdI9avZrnZ/z4wsM++flMA1w8s8PKOqi5daGpFV36qoPafg4S8TmYMe52JPWEoFr0L+lQ5JIw==",
      "cpu": [
        "x64"
      ],
      "dev": true,
      "license": "MIT",
      "optional": true,
      "os": [
        "darwin"
      ]
    },
    "node_modules/turbo-darwin-arm64": {
      "version": "2.8.9",
      "resolved": "https://registry.npmjs.org/turbo-darwin-arm64/-/turbo-darwin-arm64-2.8.9.tgz",
      "integrity": "sha512-CbD5Y2NKJKBXTOZ7z7Cc7vGlFPZkYjApA7ri9lH4iFwKV1X7MoZswh9gyRLetXYWImVX1BqIvP8KftulJg/wIA==",
      "cpu": [
        "arm64"
      ],
      "dev": true,
      "license": "MIT",
      "optional": true,
      "os": [
        "darwin"
      ]
    },
    "node_modules/turbo-linux-64": {
      "version": "2.8.9",
      "resolved": "https://registry.npmjs.org/turbo-linux-64/-/turbo-linux-64-2.8.9.tgz",
      "integrity": "sha512-OXC9HdCtsHvyH+5KUoH8ds+p5WU13vdif0OPbsFzZca4cUXMwKA3HWwUuCgQetk0iAE4cscXpi/t8A263n3VTg==",
      "cpu": [
        "x64"
      ],
      "dev": true,
      "license": "MIT",
      "optional": true,
      "os": [
        "linux"
      ]
    },
    "node_modules/turbo-linux-arm64": {
      "version": "2.8.9",
      "resolved": "https://registry.npmjs.org/turbo-linux-arm64/-/turbo-linux-arm64-2.8.9.tgz",
      "integrity": "sha512-yI5n8jNXiFA6+CxnXG0gO7h5ZF1+19K8uO3/kXPQmyl37AdiA7ehKJQOvf9OPAnmkGDHcF2HSCPltabERNRmug==",
      "cpu": [
        "arm64"
      ],
      "dev": true,
      "license": "MIT",
      "optional": true,
      "os": [
        "linux"
      ]
    },
    "node_modules/turbo-windows-64": {
      "version": "2.8.9",
      "resolved": "https://registry.npmjs.org/turbo-windows-64/-/turbo-windows-64-2.8.9.tgz",
      "integrity": "sha512-/OztzeGftJAg258M/9vK2ZCkUKUzqrWXJIikiD2pm8TlqHcIYUmepDbyZSDfOiUjMy6NzrLFahpNLnY7b5vNgg==",
      "cpu": [
        "x64"
      ],
      "dev": true,
      "license": "MIT",
      "optional": true,
      "os": [
        "win32"
      ]
    },
    "node_modules/turbo-windows-arm64": {
      "version": "2.8.9",
      "resolved": "https://registry.npmjs.org/turbo-windows-arm64/-/turbo-windows-arm64-2.8.9.tgz",
      "integrity": "sha512-xZ2VTwVTjIqpFZKN4UBxDHCPM3oJ2J5cpRzCBSmRpJ/Pn33wpiYjs+9FB2E03svKaD04/lSSLlEUej0UYsugfg==",
      "cpu": [
        "arm64"
      ],
      "dev": true,
      "license": "MIT",
      "optional": true,
      "os": [
        "win32"
      ]
    },
    "node_modules/typescript": {
      "version": "5.9.3",
      "dev": true,
      "license": "Apache-2.0",
      "bin": {
        "tsc": "bin/tsc",
        "tsserver": "bin/tsserver"
      },
      "engines": {
        "node": ">=14.17"
      }
    },
    "node_modules/undici-types": {
      "version": "7.16.0",
      "dev": true,
      "license": "MIT"
    },
    "node_modules/zod": {
      "version": "4.3.6",
      "resolved": "https://registry.npmjs.org/zod/-/zod-4.3.6.tgz",
      "integrity": "sha512-rftlrkhHZOcjDwkGlnUtZZkvaPHCsDATp4pGpuOOMDaTdDDXF91wuVDJoWoPsKX/3YPQ5fHuF3STjcYyKr+Qhg==",
      "license": "MIT",
      "funding": {
        "url": "https://github.com/sponsors/colinhacks"
      }
    }
  }
}
