{
  "name": ".opencode",
  "lockfileVersion": 3,
  "requires": true,
  "packages": {
    "": {
      "dependencies": {
        "@opencode-ai/plugin": "1.2.5"
      }
    },
    "node_modules/@opencode-ai/plugin": {
      "version": "1.2.5",
      "resolved": "https://registry.npmjs.org/@opencode-ai/plugin/-/plugin-1.2.5.tgz",
      "integrity": "sha512-mZACBKyMMhH87K6HtiigbauLKjK7ooZPVaZTnRs492ldAXhiSfqk28Z8hGYNzhpwpHjkU6Ws8LOJRwOemDVQYg==",
      "license": "MIT",
      "dependencies": {
        "@opencode-ai/sdk": "1.2.5",
        "zod": "4.1.8"
      }
    },
    "node_modules/@opencode-ai/sdk": {
      "version": "1.2.5",
      "resolved": "https://registry.npmjs.org/@opencode-ai/sdk/-/sdk-1.2.5.tgz",
      "integrity": "sha512-oFw08QNupBWuszpLa4HMRf/T+fDVqu8lbYSiqevdFTSH8Zih2cw/vPqLhjHgE6rPOSXyhvg46WivfSO7eNIpPw==",
      "license": "MIT"
    },
    "node_modules/zod": {
      "version": "4.1.8",
      "license": "MIT",
      "funding": {
        "url": "https://github.com/sponsors/colinhacks"
      }
    }
  }
}
