{
  "name": ".opencode",
  "lockfileVersion": 3,
  "requires": true,
  "packages": {
    "": {
      "dependencies": {
        "@opencode-ai/plugin": "1.2.20"
      }
    },
    "node_modules/@opencode-ai/plugin": {
      "version": "1.2.20",
      "resolved": "https://registry.npmjs.org/@opencode-ai/plugin/-/plugin-1.2.20.tgz",
      "integrity": "sha512-BE6TOXVxgF24g5QgtlogSY5B+/AmZJ3cYaVjHZhUVuAli9JEg4RblrbrK2rfgbyZBoZDpjBLGTYtIRTVmOccEA==",
      "license": "MIT",
      "dependencies": {
        "@opencode-ai/sdk": "1.2.20",
        "zod": "4.1.8"
      }
    },
    "node_modules/@opencode-ai/sdk": {
      "version": "1.2.20",
      "resolved": "https://registry.npmjs.org/@opencode-ai/sdk/-/sdk-1.2.20.tgz",
      "integrity": "sha512-U5ROpG21D8jg9rkc1IgKAk1g5dn6X/rkOBfveupd0peSDO9n6VM9aikYccVLaMObxVqdjtG08IeQOFTPVS8ySQ==",
      "license": "MIT"
    },
    "node_modules/zod": {
      "version": "4.1.8",
      "license": "MIT",
      "funding": {
        "url": "https://github.com/sponsors/colinhacks"
      }
    }
  }
}
