{
  "name": ".opencode",
  "lockfileVersion": 3,
  "requires": true,
  "packages": {
    "": {
      "dependencies": {
        "@opencode-ai/plugin": "1.2.22"
      }
    },
    "node_modules/@opencode-ai/plugin": {
      "version": "1.2.22",
      "resolved": "https://registry.npmjs.org/@opencode-ai/plugin/-/plugin-1.2.22.tgz",
      "integrity": "sha512-vKVHymAGspLDBuObiJNSoCAQR+l6aMx6n21mgwNBa0BY4n0uzdJcM1rAN/Ksv/t6rsswMcsNeH0yMmj9Iokf7Q==",
      "license": "MIT",
      "dependencies": {
        "@opencode-ai/sdk": "1.2.22",
        "zod": "4.1.8"
      }
    },
    "node_modules/@opencode-ai/sdk": {
      "version": "1.2.22",
      "resolved": "https://registry.npmjs.org/@opencode-ai/sdk/-/sdk-1.2.22.tgz",
      "integrity": "sha512-EXI1+Rc9dkzKo9uDj0EA4pLUCQJS2Qi8/xKwsT6RNZPBpSau05HVPWlZ+t8WyLW4fWymiho8jsXSErfKOpyCsw==",
      "license": "MIT"
    },
    "node_modules/zod": {
      "version": "4.1.8",
      "license": "MIT",
      "funding": {
        "url": "https://github.com/sponsors/colinhacks"
      }
    }
  }
}
